
Microsoft Visual Studio Solution File, Format Version 12.00
# Visual Studio Version 16
VisualStudioVersion = 16.0.29230.47
MinimumVisualStudioVersion = 10.0.40219.1
Project("{FAE04EC0-301F-11D3-BF4B-00C04F79EFBC}") = "AntrasSavarankiskas", "AntrasSavarankiskas\AntrasSavarankiskas.csproj", "{9EE79C4A-D2B9-4D2F-A77A-DFE619F91ADA}"
EndProject
Global
	GlobalSection(SolutionConfigurationPlatforms) = preSolution
		Debug|Any CPU = Debug|Any CPU
		Release|Any CPU = Release|Any CPU
	EndGlobalSection
	GlobalSection(ProjectConfigurationPlatforms) = postSolution
		{9EE79C4A-D2B9-4D2F-A77A-DFE619F91ADA}.Debug|Any CPU.ActiveCfg = Debug|Any CPU
		{9EE79C4A-D2B9-4D2F-A77A-DFE619F91ADA}.Debug|Any CPU.Build.0 = Debug|Any CPU
		{9EE79C4A-D2B9-4D2F-A77A-DFE619F91ADA}.Release|Any CPU.ActiveCfg = Release|Any CPU
		{9EE79C4A-D2B9-4D2F-A77A-DFE619F91ADA}.Release|Any CPU.Build.0 = Release|Any CPU
	EndGlobalSection
	GlobalSection(SolutionProperties) = preSolution
		HideSolutionNode = FALSE
	EndGlobalSection
	GlobalSection(ExtensibilityGlobals) = postSolution
		SolutionGuid = {D2BCE9E8-75F1-4BFC-9FF4-1FC212670D6B}
	EndGlobalSection
EndGlobal
